
Microsoft Visual Studio Solution File, Format Version 12.00
# Visual Studio Version 16
VisualStudioVersion = 16.0.31729.503
MinimumVisualStudioVersion = 10.0.40219.1
Project("{FAE04EC0-301F-11D3-BF4B-00C04F79EFBC}") = "BigBoxAutoPlay", "BigBoxAutoPlay\BigBoxAutoPlay.csproj", "{232CA8B1-5E87-44C4-9F5C-D4EA39BE4808}"
EndProject
Global
	GlobalSection(SolutionConfigurationPlatforms) = preSolution
		Debug|Any CPU = Debug|Any CPU
		Release|Any CPU = Release|Any CPU
	EndGlobalSection
	GlobalSection(ProjectConfigurationPlatforms) = postSolution
		{232CA8B1-5E87-44C4-9F5C-D4EA39BE4808}.Debug|Any CPU.ActiveCfg = Debug|Any CPU
		{232CA8B1-5E87-44C4-9F5C-D4EA39BE4808}.Debug|Any CPU.Build.0 = Debug|Any CPU
		{232CA8B1-5E87-44C4-9F5C-D4EA39BE4808}.Release|Any CPU.ActiveCfg = Release|Any CPU
		{232CA8B1-5E87-44C4-9F5C-D4EA39BE4808}.Release|Any CPU.Build.0 = Release|Any CPU
	EndGlobalSection
	GlobalSection(SolutionProperties) = preSolution
		HideSolutionNode = FALSE
	EndGlobalSection
	GlobalSection(ExtensibilityGlobals) = postSolution
		SolutionGuid = {11A73E6B-812D-475D-9E15-FBEF28BDF5CA}
	EndGlobalSection
EndGlobal
